PODS:
  - MatomoTracker (6.0.1):
    - MatomoTracker/Core (= 6.0.1)
  - MatomoTracker/Core (6.0.1)
  - MedimozSdk (1.0.0):
    - MatomoTracker

DEPENDENCIES:
  - MedimozSdk (~> 1.0.0)

SPEC REPOS:
  https://github.com/cocoapods/specs.git:
    - MatomoTracker
    - MedimozSdk

SPEC CHECKSUMS:
  MatomoTracker: 3ae4f65a1f5ace8043bda7244888fee28a734de5
  MedimozSdk: 9a2eed90e7d336210b8d7f8e349cf688ae01a524

PODFILE CHECKSUM: bb342fe354d6056ed09bd692966a45d679b077a2

COCOAPODS: 1.7.5
